# This file is automatically @generated by Cargo.
# It is not intended for manual editing.
version = 4

[[package]]
name = "stella-client"
version = "0.1.0"
dependencies = [
 "stella-common",
 "stella-crypto",
 "stella-proto",
 "stella-tap",
 "stella-transport",
]

[[package]]
name = "stella-common"
version = "0.1.0"

[[package]]
name = "stella-crypto"
version = "0.1.0"
dependencies = [
 "stella-common",
]

[[package]]
name = "stella-proto"
version = "0.1.0"
dependencies = [
 "stella-common",
]

[[package]]
name = "stella-server"
version = "0.1.0"
dependencies = [
 "stella-common",
 "stella-crypto",
 "stella-proto",
 "stella-transport",
]

[[package]]
name = "stella-tap"
version = "0.1.0"

[[package]]
name = "stella-transport"
version = "0.1.0"
dependencies = [
 "stella-common",
]
